# THIS IS AN AUTOGENERATED FILE. DO NOT EDIT THIS FILE DIRECTLY.
# yarn lockfile v1


"@babel/runtime@^7.0.0":
  version "7.12.0"
  resolved "https://registry.yarnpkg.com/@babel/runtime/-/runtime-7.12.0.tgz#98bd7666186969c04be893d747cf4a6c6c8fa6b0"
  integrity sha512-lS4QLXQ2Vbw2ubfQjeQcn+BZgZ5+ROHW9f+DWjEp5Y+NHYmkRGKqHSJ1tuhbUauKu2nhZNTBIvsIQ8dXfY5Gjw==
  dependencies:
    regenerator-runtime "^0.13.4"

"@devmoods/ui@^1.2.1":
  version "1.2.1"
  resolved "https://registry.yarnpkg.com/@devmoods/ui/-/ui-1.2.1.tgz#3ea448f579e828c155611630204f6a70ae50dddf"
  integrity sha512-vRGZwXBsBRc8bkloDmWm3c6UbCbgSia5T8gDtjywIMorPb22gvgOskaNvBL8eCZxW7ZD5PEWYy8dzIj19+rtPQ==
  dependencies:
    "@reach/dialog" "0.10.5"
    "@reach/menu-button" "0.10.5"
    classnames "2.2.6"
    date-fns "2.15.0"
    prop-types "^15.6"
    react-icons "3.11.0"

"@jest/types@^25.5.0":
  version "25.5.0"
  resolved "https://registry.yarnpkg.com/@jest/types/-/types-25.5.0.tgz#4d6a4793f7b9599fc3680877b856a97dbccf2a9d"
  integrity sha512-OXD0RgQ86Tu3MazKo8bnrkDRaDXXMGUqd+kTtLtK1Zb7CRzQcaSRPPPV37SvYTdevXEBVxe0HXylEjs8ibkmCw==
  dependencies:
    "@types/istanbul-lib-coverage" "^2.0.0"
    "@types/istanbul-reports" "^1.1.1"
    "@types/yargs" "^15.0.0"
    chalk "^3.0.0"

"@reach/auto-id@0.10.5":
  version "0.10.5"
  resolved "https://registry.yarnpkg.com/@reach/auto-id/-/auto-id-0.10.5.tgz#fa78c71ce2f565ebed1ad91a8d9a685176d23c48"
  integrity sha512-we4/bwjFxJ3F+2eaddQ1HltbKvJ7AB8clkN719El7Zugpn/vOjfPMOVUiBqTmPGLUvkYrq4tpuFwLvk2HyOVHg==
  dependencies:
    "@reach/utils" "0.10.5"
    tslib "^2.0.0"

"@reach/descendants@0.10.5":
  version "0.10.5"
  resolved "https://registry.yarnpkg.com/@reach/descendants/-/descendants-0.10.5.tgz#2611174e9e9b326dba548356221e2f8c8f5c8612"
  integrity sha512-8HhN4DwS/HsPQ+Ym/Ft/XJ1spXBYdE8hqpnbYR9UcU7Nx3oDbTIdhjA6JXXt23t5avYIx2jRa8YHCtVKSHuiwA==
  dependencies:
    "@reach/utils" "0.10.5"
    tslib "^2.0.0"

"@reach/dialog@0.10.5":
  version "0.10.5"
  resolved "https://registry.yarnpkg.com/@reach/dialog/-/dialog-0.10.5.tgz#70bd832616fc2b0f31ed65aff81ae9e218c4dbc4"
  integrity sha512-j2+VaHCen/M5zh+q6L/xMXETMeD5yVywdhjjs0kn2uQ3AolYSj32P8Go1xSpxQNAjS1/zChd02Y/4g02eL3afg==
  dependencies:
    "@reach/portal" "0.10.5"
    "@reach/utils" "0.10.5"
    prop-types "^15.7.2"
    react-focus-lock "^2.3.1"
    react-remove-scroll "^2.3.0"
    tslib "^2.0.0"

"@reach/menu-button@0.10.5":
  version "0.10.5"
  resolved "https://registry.yarnpkg.com/@reach/menu-button/-/menu-button-0.10.5.tgz#b023044fa199bc256572830740049a50fea1d690"
  integrity sha512-PQzFzexk9K7Q5qTGmXcg3qYp+F36H0MaeyzybR5t4lB1e56nAh1u/C2bocwpHssIoy25xOR8Nu+LVMVf6k6cUw==
  dependencies:
    "@reach/auto-id" "0.10.5"
    "@reach/descendants" "0.10.5"
    "@reach/popover" "0.10.5"
    "@reach/utils" "0.10.5"
    prop-types "^15.7.2"
    tslib "^2.0.0"

"@reach/observe-rect@1.2.0":
  version "1.2.0"
  resolved "https://registry.yarnpkg.com/@reach/observe-rect/-/observe-rect-1.2.0.tgz#d7a6013b8aafcc64c778a0ccb83355a11204d3b2"
  integrity sha512-Ba7HmkFgfQxZqqaeIWWkNK0rEhpxVQHIoVyW1YDSkGsGIXzcaW4deC8B0pZrNSSyLTdIk7y+5olKt5+g0GmFIQ==

"@reach/popover@0.10.5":
  version "0.10.5"
  resolved "https://registry.yarnpkg.com/@reach/popover/-/popover-0.10.5.tgz#ccf89f6540e6477d8d087e78a8294e89295a743d"
  integrity sha512-S+qWIsjrN1yMpHjgELhjpdGc4Q3q1plJtXBGGQRxUAjmCUA/5OY7t5w5C8iqMNAEBwCvYXKvK/pLcXFxxLykSw==
  dependencies:
    "@reach/portal" "0.10.5"
    "@reach/rect" "0.10.5"
    "@reach/utils" "0.10.5"
    tabbable "^4.0.0"
    tslib "^2.0.0"

"@reach/portal@0.10.5":
  version "0.10.5"
  resolved "https://registry.yarnpkg.com/@reach/portal/-/portal-0.10.5.tgz#532ce8472fc99d6c556520f6c8d53333d89e49a4"
  integrity sha512-K5K8gW99yqDPDCWQjEfSNZAbGOQWSx5AN2lpuR1gDVoz4xyWpTJ0k0LbetYJTDVvLP/InEcR7AU42JaDYDCXQw==
  dependencies:
    "@reach/utils" "0.10.5"
    tslib "^2.0.0"

"@reach/rect@0.10.5":
  version "0.10.5"
  resolved "https://registry.yarnpkg.com/@reach/rect/-/rect-0.10.5.tgz#ba68722f155b146c6790e7d10a97dca1fd7ab14e"
  integrity sha512-JBKs2HniYecq5zLO6UFReX28SUBPM3n0aizdNgHuvwZmDcTfNV4jsuJYQLqJ+FbCQsrSHkBxKZqWpfGXY9bUEg==
  dependencies:
    "@reach/observe-rect" "1.2.0"
    "@reach/utils" "0.10.5"
    prop-types "^15.7.2"
    tslib "^2.0.0"

"@reach/utils@0.10.5":
  version "0.10.5"
  resolved "https://registry.yarnpkg.com/@reach/utils/-/utils-0.10.5.tgz#fbac944d29565f6dd7abd0e1b13950e99b1e470b"
  integrity sha512-5E/xxQnUbmpI/LrufBAOXjunl96DnqX6B4zC2MO2KH/dRzLug5gM5VuOwV26egsp0jvsSPxojwciOhS43px3qw==
  dependencies:
    "@types/warning" "^3.0.0"
    tslib "^2.0.0"
    warning "^4.0.3"

"@types/istanbul-lib-coverage@*", "@types/istanbul-lib-coverage@^2.0.0":
  version "2.0.3"
  resolved "https://registry.yarnpkg.com/@types/istanbul-lib-coverage/-/istanbul-lib-coverage-2.0.3.tgz#4ba8ddb720221f432e443bd5f9117fd22cfd4762"
  integrity sha512-sz7iLqvVUg1gIedBOvlkxPlc8/uVzyS5OwGz1cKjXzkl3FpL3al0crU8YGU1WoHkxn0Wxbw5tyi6hvzJKNzFsw==

"@types/istanbul-lib-report@*":
  version "3.0.0"
  resolved "https://registry.yarnpkg.com/@types/istanbul-lib-report/-/istanbul-lib-report-3.0.0.tgz#c14c24f18ea8190c118ee7562b7ff99a36552686"
  integrity sha512-plGgXAPfVKFoYfa9NpYDAkseG+g6Jr294RqeqcqDixSbU34MZVJRi/P+7Y8GDpzkEwLaGZZOpKIEmeVZNtKsrg==
  dependencies:
    "@types/istanbul-lib-coverage" "*"

"@types/istanbul-reports@^1.1.1":
  version "1.1.2"
  resolved "https://registry.yarnpkg.com/@types/istanbul-reports/-/istanbul-reports-1.1.2.tgz#e875cc689e47bce549ec81f3df5e6f6f11cfaeb2"
  integrity sha512-P/W9yOX/3oPZSpaYOCQzGqgCQRXn0FFO/V8bWrCQs+wLmvVVxk6CRBXALEvNs9OHIatlnlFokfhuDo2ug01ciw==
  dependencies:
    "@types/istanbul-lib-coverage" "*"
    "@types/istanbul-lib-report" "*"

"@types/jest@^26.0.14":
  version "26.0.14"
  resolved "https://registry.yarnpkg.com/@types/jest/-/jest-26.0.14.tgz#078695f8f65cb55c5a98450d65083b2b73e5a3f3"
  integrity sha512-Hz5q8Vu0D288x3iWXePSn53W7hAjP0H7EQ6QvDO9c7t46mR0lNOLlfuwQ+JkVxuhygHzlzPX+0jKdA3ZgSh+Vg==
  dependencies:
    jest-diff "^25.2.1"
    pretty-format "^25.2.1"

"@types/prop-types@*":
  version "15.7.3"
  resolved "https://registry.yarnpkg.com/@types/prop-types/-/prop-types-15.7.3.tgz#2ab0d5da2e5815f94b0b9d4b95d1e5f243ab2ca7"
  integrity sha512-KfRL3PuHmqQLOG+2tGpRO26Ctg+Cq1E01D2DMriKEATHgWLfeNDmq9e29Q9WIky0dQ3NPkd1mzYH8Lm936Z9qw==

"@types/react-dom@^16.9.8":
  version "16.9.8"
  resolved "https://registry.yarnpkg.com/@types/react-dom/-/react-dom-16.9.8.tgz#fe4c1e11dfc67155733dfa6aa65108b4971cb423"
  integrity sha512-ykkPQ+5nFknnlU6lDd947WbQ6TE3NNzbQAkInC2EKY1qeYdTKp7onFusmYZb+ityzx2YviqT6BXSu+LyWWJwcA==
  dependencies:
    "@types/react" "*"

"@types/react@*", "@types/react@^16.9.52":
  version "16.9.52"
  resolved "https://registry.yarnpkg.com/@types/react/-/react-16.9.52.tgz#c46c72d1a1d8d9d666f4dd2066c0e22600ccfde1"
  integrity sha512-EHRjmnxiNivwhGdMh9sz1Yw9AUxTSZFxKqdBWAAzyZx3sufWwx6ogqHYh/WB1m/I4ZpjkoZLExF5QTy2ekVi/Q==
  dependencies:
    "@types/prop-types" "*"
    csstype "^3.0.2"

"@types/warning@^3.0.0":
  version "3.0.0"
  resolved "https://registry.yarnpkg.com/@types/warning/-/warning-3.0.0.tgz#0d2501268ad8f9962b740d387c4654f5f8e23e52"
  integrity sha1-DSUBJorY+ZYrdA04fEZU9fjiPlI=

"@types/yargs-parser@*":
  version "15.0.0"
  resolved "https://registry.yarnpkg.com/@types/yargs-parser/-/yargs-parser-15.0.0.tgz#cb3f9f741869e20cce330ffbeb9271590483882d"
  integrity sha512-FA/BWv8t8ZWJ+gEOnLLd8ygxH/2UFbAvgEonyfN6yWGLKc7zVjbpl2Y4CTjid9h2RfgPP6SEt6uHwEOply00yw==

"@types/yargs@^15.0.0":
  version "15.0.8"
  resolved "https://registry.yarnpkg.com/@types/yargs/-/yargs-15.0.8.tgz#7644904cad7427eb704331ea9bf1ee5499b82e23"
  integrity sha512-b0BYzFUzBpOhPjpl1wtAHU994jBeKF4TKVlT7ssFv44T617XNcPdRoG4AzHLVshLzlrF7i3lTelH7UbuNYV58Q==
  dependencies:
    "@types/yargs-parser" "*"

ansi-regex@^5.0.0:
  version "5.0.0"
  resolved "https://registry.yarnpkg.com/ansi-regex/-/ansi-regex-5.0.0.tgz#388539f55179bf39339c81af30a654d69f87cb75"
  integrity sha512-bY6fj56OUQ0hU1KjFNDQuJFezqKdrAyFdIevADiqrWHwSlbmBNMHp5ak2f40Pm8JTFyM2mqxkG6ngkHO11f/lg==

ansi-styles@^4.0.0, ansi-styles@^4.1.0:
  version "4.3.0"
  resolved "https://registry.yarnpkg.com/ansi-styles/-/ansi-styles-4.3.0.tgz#edd803628ae71c04c85ae7a0906edad34b648937"
  integrity sha512-zbB9rCJAT1rbjiVDb2hqKFHNYLxgtk8NURxZ3IZwD3F6NtxbXZQCnnSi1Lkx+IDohdPlFp222wVALIheZJQSEg==
  dependencies:
    color-convert "^2.0.1"

camelcase@^5.0.0:
  version "5.3.1"
  resolved "https://registry.yarnpkg.com/camelcase/-/camelcase-5.3.1.tgz#e3c9b31569e106811df242f715725a1f4c494320"
  integrity sha512-L28STB170nwWS63UjtlEOE3dldQApaJXZkOI1uMFfzf3rRuPegHaHesyee+YxQ+W6SvRDQV6UrdOdRiR153wJg==

chalk@^3.0.0:
  version "3.0.0"
  resolved "https://registry.yarnpkg.com/chalk/-/chalk-3.0.0.tgz#3f73c2bf526591f574cc492c51e2456349f844e4"
  integrity sha512-4D3B6Wf41KOYRFdszmDqMCGq5VV/uMAB273JILmO+3jAlh8X4qDtdtgCR3fxtbLEMzSx22QdhnDcJvu2u1fVwg==
  dependencies:
    ansi-styles "^4.1.0"
    supports-color "^7.1.0"

classnames@2.2.6:
  version "2.2.6"
  resolved "https://registry.yarnpkg.com/classnames/-/classnames-2.2.6.tgz#43935bffdd291f326dad0a205309b38d00f650ce"
  integrity sha512-JR/iSQOSt+LQIWwrwEzJ9uk0xfN3mTVYMwt1Ir5mUcSN6pU+V4zQFFaJsclJbPuAUQH+yfWef6tm7l1quW3C8Q==

color-convert@^2.0.1:
  version "2.0.1"
  resolved "https://registry.yarnpkg.com/color-convert/-/color-convert-2.0.1.tgz#72d3a68d598c9bdb3af2ad1e84f21d896abd4de3"
  integrity sha512-RRECPsj7iu/xb5oKYcsFHSppFNnsj/52OVTRKb4zP5onXwVF3zVmmToNcOfGC+CRDpfK/U584fMg38ZHCaElKQ==
  dependencies:
    color-name "~1.1.4"

color-name@~1.1.4:
  version "1.1.4"
  resolved "https://registry.yarnpkg.com/color-name/-/color-name-1.1.4.tgz#c2a09a87acbde69543de6f63fa3995c826c536a2"
  integrity sha512-dOy+3AuW3a2wNbZHIuMZpTcgjGuLU/uBL/ubcZF9OXbDo8ff4O8yVp5Bf0efS8uEoYo5q4Fx7dY9OgQGXgAsQA==

colorette@^1.2.1:
  version "1.2.1"
  resolved "https://registry.yarnpkg.com/colorette/-/colorette-1.2.1.tgz#4d0b921325c14faf92633086a536db6e89564b1b"
  integrity sha512-puCDz0CzydiSYOrnXpz/PKd69zRrribezjtE9yd4zvytoRc8+RY/KJPvtPFKZS3E3wP6neGyMe0vOTlHO5L3Pw==

csstype@^3.0.2:
  version "3.0.3"
  resolved "https://registry.yarnpkg.com/csstype/-/csstype-3.0.3.tgz#2b410bbeba38ba9633353aff34b05d9755d065f8"
  integrity sha512-jPl+wbWPOWJ7SXsWyqGRk3lGecbar0Cb0OvZF/r/ZU011R4YqiRehgkQ9p4eQfo9DSDLqLL3wHwfxeJiuIsNag==

date-fns@2.15.0:
  version "2.15.0"
  resolved "https://registry.yarnpkg.com/date-fns/-/date-fns-2.15.0.tgz#424de6b3778e4e69d3ff27046ec136af58ae5d5f"
  integrity sha512-ZCPzAMJZn3rNUvvQIMlXhDr4A+Ar07eLeGsGREoWU19a3Pqf5oYa+ccd+B3F6XVtQY6HANMFdOQ8A+ipFnvJdQ==

detect-node-es@^1.0.0:
  version "1.0.0"
  resolved "https://registry.yarnpkg.com/detect-node-es/-/detect-node-es-1.0.0.tgz#c0318b9e539a5256ca780dd9575c9345af05b8ed"
  integrity sha512-S4AHriUkTX9FoFvL4G8hXDcx6t3gp2HpfCza3Q0v6S78gul2hKWifLQbeW+ZF89+hSm2ZIc/uF3J97ZgytgTRg==

diff-sequences@^25.2.6:
  version "25.2.6"
  resolved "https://registry.yarnpkg.com/diff-sequences/-/diff-sequences-25.2.6.tgz#5f467c00edd35352b7bca46d7927d60e687a76dd"
  integrity sha512-Hq8o7+6GaZeoFjtpgvRBUknSXNeJiCx7V9Fr94ZMljNiCr9n9L8H8aJqgWOQiDDGdyn29fRNcDdRVJ5fdyihfg==

esbuild@^0.8.34:
  version "0.8.44"
  resolved "https://registry.yarnpkg.com/esbuild/-/esbuild-0.8.44.tgz#2a74f48fe20579081c9d8fe99be6fb8d2848c887"
  integrity sha512-m9yyBZMgWuAB7e7tA2g9L4PovoLa5Xb73+Yg9uBBR2w3Fe4P9/nxqj/HLrw1k/rjdjF1eX1kNJRytboqOtRCCQ==

focus-lock@^0.7.0:
  version "0.7.0"
  resolved "https://registry.yarnpkg.com/focus-lock/-/focus-lock-0.7.0.tgz#b2bfb0ca7beacc8710a1ff74275fe0dc60a1d88a"
  integrity sha512-LI7v2mH02R55SekHYdv9pRHR9RajVNyIJ2N5IEkWbg7FT5ZmJ9Hw4mWxHeEUcd+dJo0QmzztHvDvWcc7prVFsw==

fsevents@~2.3.1:
  version "2.3.2"
  resolved "https://registry.yarnpkg.com/fsevents/-/fsevents-2.3.2.tgz#8a526f78b8fdf4623b709e0b975c52c24c02fd1a"
  integrity sha512-xiqMQR4xAeHTuB9uWm+fFRcIOgKBMiOBP+eXiyT7jsgVCq1bkVygt00oASowB7EdtpOHaaPgKt812P9ab+DDKA==

function-bind@^1.1.1:
  version "1.1.1"
  resolved "https://registry.yarnpkg.com/function-bind/-/function-bind-1.1.1.tgz#a56899d3ea3c9bab874bb9773b7c5ede92f4895d"
  integrity sha512-yIovAzMX49sF8Yl58fSCWJ5svSLuaibPxXQJFLmBObTuCr0Mf1KiPopGM9NiFjiYBCbfaa2Fh6breQ6ANVTI0A==

get-nonce@^1.0.0:
  version "1.0.1"
  resolved "https://registry.yarnpkg.com/get-nonce/-/get-nonce-1.0.1.tgz#fdf3f0278073820d2ce9426c18f07481b1e0cdf3"
  integrity sha512-FJhYRoDaiatfEkUK8HKlicmu/3SGFD51q3itKDGoSTysQJBnfOcxU5GxnhE1E6soB76MbT0MBtnKJuXyAx+96Q==

has-flag@^4.0.0:
  version "4.0.0"
  resolved "https://registry.yarnpkg.com/has-flag/-/has-flag-4.0.0.tgz#944771fd9c81c81265c4d6941860da06bb59479b"
  integrity sha512-EykJT/Q1KjTWctppgIAgfSO0tKVuZUjhgMr17kqTumMl6Afv3EISleU7qZUzoXDFTAHTDC4NOoG/ZxU3EvlMPQ==

has@^1.0.3:
  version "1.0.3"
  resolved "https://registry.yarnpkg.com/has/-/has-1.0.3.tgz#722d7cbfc1f6aa8241f16dd814e011e1f41e8796"
  integrity sha512-f2dvO0VU6Oej7RkWJGrehjbzMAjFp5/VKPp5tTpWIV4JHHZK1/BxbFRtf/siA2SWTe09caDmVtYYzWEIbBS4zw==
  dependencies:
    function-bind "^1.1.1"

invariant@^2.2.4:
  version "2.2.4"
  resolved "https://registry.yarnpkg.com/invariant/-/invariant-2.2.4.tgz#610f3c92c9359ce1db616e538008d23ff35158e6"
  integrity sha512-phJfQVBuaJM5raOpJjSfkiD6BpbCE4Ns//LaXl6wGYtUBY83nWS6Rf9tXm2e8VaK60JEjYldbPif/A2B1C2gNA==
  dependencies:
    loose-envify "^1.0.0"

is-core-module@^2.2.0:
  version "2.2.0"
  resolved "https://registry.yarnpkg.com/is-core-module/-/is-core-module-2.2.0.tgz#97037ef3d52224d85163f5597b2b63d9afed981a"
  integrity sha512-XRAfAdyyY5F5cOXn7hYQDqh2Xmii+DEfIcQGxK/uNwMHhIkPWO0g8msXcbzLe+MpGoR951MlqM/2iIlU4vKDdQ==
  dependencies:
    has "^1.0.3"

jest-diff@^25.2.1:
  version "25.5.0"
  resolved "https://registry.yarnpkg.com/jest-diff/-/jest-diff-25.5.0.tgz#1dd26ed64f96667c068cef026b677dfa01afcfa9"
  integrity sha512-z1kygetuPiREYdNIumRpAHY6RXiGmp70YHptjdaxTWGmA085W3iCnXNx0DhflK3vwrKmrRWyY1wUpkPMVxMK7A==
  dependencies:
    chalk "^3.0.0"
    diff-sequences "^25.2.6"
    jest-get-type "^25.2.6"
    pretty-format "^25.5.0"

jest-get-type@^25.2.6:
  version "25.2.6"
  resolved "https://registry.yarnpkg.com/jest-get-type/-/jest-get-type-25.2.6.tgz#0b0a32fab8908b44d508be81681487dbabb8d877"
  integrity sha512-DxjtyzOHjObRM+sM1knti6or+eOgcGU4xVSb2HNP1TqO4ahsT+rqZg+nyqHWJSvWgKC5cG3QjGFBqxLghiF/Ig==

"js-tokens@^3.0.0 || ^4.0.0":
  version "4.0.0"
  resolved "https://registry.yarnpkg.com/js-tokens/-/js-tokens-4.0.0.tgz#19203fb59991df98e3a287050d4647cdeaf32499"
  integrity sha512-RdJUflcE3cUzKiMqQgsCu06FPu9UdIJO0beYbPhHN4k6apgJtifcoCtT9bcxOpYBtpD2kCM6Sbzg4CausW/PKQ==

loose-envify@^1.0.0, loose-envify@^1.1.0, loose-envify@^1.4.0:
  version "1.4.0"
  resolved "https://registry.yarnpkg.com/loose-envify/-/loose-envify-1.4.0.tgz#71ee51fa7be4caec1a63839f7e682d8132d30caf"
  integrity sha512-lyuxPGr/Wfhrlem2CL/UcnUc1zcqKAImBDzukY7Y5F/yQiNdko6+fRLevlw1HgMySw7f611UIY408EtxRSoK3Q==
  dependencies:
    js-tokens "^3.0.0 || ^4.0.0"

nanoid@^3.1.20:
  version "3.1.20"
  resolved "https://registry.yarnpkg.com/nanoid/-/nanoid-3.1.20.tgz#badc263c6b1dcf14b71efaa85f6ab4c1d6cfc788"
  integrity sha512-a1cQNyczgKbLX9jwbS/+d7W8fX/RfgYR7lVWwWOGIPNgK2m0MWvrGF6/m4kk6U3QcFMnZf3RIhL0v2Jgh/0Uxw==

object-assign@^4.1.1:
  version "4.1.1"
  resolved "https://registry.yarnpkg.com/object-assign/-/object-assign-4.1.1.tgz#2109adc7965887cfc05cbbd442cac8bfbb360863"
  integrity sha1-IQmtx5ZYh8/AXLvUQsrIv7s2CGM=

path-parse@^1.0.6:
  version "1.0.6"
  resolved "https://registry.yarnpkg.com/path-parse/-/path-parse-1.0.6.tgz#d62dbb5679405d72c4737ec58600e9ddcf06d24c"
  integrity sha512-GSmOT2EbHrINBf9SR7CDELwlJ8AENk3Qn7OikK4nFYAu3Ote2+JYNVvkpAEQm3/TLNEJFD/xZJjzyxg3KBWOzw==

postcss@^8.2.1:
  version "8.2.6"
  resolved "https://registry.yarnpkg.com/postcss/-/postcss-8.2.6.tgz#5d69a974543b45f87e464bc4c3e392a97d6be9fe"
  integrity sha512-xpB8qYxgPuly166AGlpRjUdEYtmOWx2iCwGmrv4vqZL9YPVviDVPZPRXxnXr6xPZOdxQ9lp3ZBFCRgWJ7LE3Sg==
  dependencies:
    colorette "^1.2.1"
    nanoid "^3.1.20"
    source-map "^0.6.1"

pretty-format@^25.2.1, pretty-format@^25.5.0:
  version "25.5.0"
  resolved "https://registry.yarnpkg.com/pretty-format/-/pretty-format-25.5.0.tgz#7873c1d774f682c34b8d48b6743a2bf2ac55791a"
  integrity sha512-kbo/kq2LQ/A/is0PQwsEHM7Ca6//bGPPvU6UnsdDRSKTWxT/ru/xb88v4BJf6a69H+uTytOEsTusT9ksd/1iWQ==
  dependencies:
    "@jest/types" "^25.5.0"
    ansi-regex "^5.0.0"
    ansi-styles "^4.0.0"
    react-is "^16.12.0"

prop-types@^15.6, prop-types@^15.6.2, prop-types@^15.7.2:
  version "15.7.2"
  resolved "https://registry.yarnpkg.com/prop-types/-/prop-types-15.7.2.tgz#52c41e75b8c87e72b9d9360e0206b99dcbffa6c5"
  integrity sha512-8QQikdH7//R2vurIJSutZ1smHYTcLpRWEOlHnzcWHmBYrOGUysKwSsrC89BCiFj3CbrfJ/nXFdJepOVrY1GCHQ==
  dependencies:
    loose-envify "^1.4.0"
    object-assign "^4.1.1"
    react-is "^16.8.1"

react-clientside-effect@^1.2.2:
  version "1.2.2"
  resolved "https://registry.yarnpkg.com/react-clientside-effect/-/react-clientside-effect-1.2.2.tgz#6212fb0e07b204e714581dd51992603d1accc837"
  integrity sha512-nRmoyxeok5PBO6ytPvSjKp9xwXg9xagoTK1mMjwnQxqM9Hd7MNPl+LS1bOSOe+CV2+4fnEquc7H/S8QD3q697A==
  dependencies:
    "@babel/runtime" "^7.0.0"

react-dom@^16.14.0:
  version "16.14.0"
  resolved "https://registry.yarnpkg.com/react-dom/-/react-dom-16.14.0.tgz#7ad838ec29a777fb3c75c3a190f661cf92ab8b89"
  integrity sha512-1gCeQXDLoIqMgqD3IO2Ah9bnf0w9kzhwN5q4FGnHZ67hBm9yePzB5JJAIQCc8x3pFnNlwFq4RidZggNAAkzWWw==
  dependencies:
    loose-envify "^1.1.0"
    object-assign "^4.1.1"
    prop-types "^15.6.2"
    scheduler "^0.19.1"

react-focus-lock@^2.3.1:
  version "2.4.1"
  resolved "https://registry.yarnpkg.com/react-focus-lock/-/react-focus-lock-2.4.1.tgz#e842cc93da736b5c5d331799012544295cbcee4f"
  integrity sha512-c5ZP56KSpj9EAxzScTqQO7bQQNPltf/W1ZEBDqNDOV1XOIwvAyHX0O7db9ekiAtxyKgnqZjQlLppVg94fUeL9w==
  dependencies:
    "@babel/runtime" "^7.0.0"
    focus-lock "^0.7.0"
    prop-types "^15.6.2"
    react-clientside-effect "^1.2.2"
    use-callback-ref "^1.2.1"
    use-sidecar "^1.0.1"

react-icons@3.11.0:
  version "3.11.0"
  resolved "https://registry.yarnpkg.com/react-icons/-/react-icons-3.11.0.tgz#2ca2903dfab8268ca18ebd8cc2e879921ec3b254"
  integrity sha512-JRgiI/vdF6uyBgyZhVyYJUZAop95Sy4XDe/jmT3R/bKliFWpO/uZBwvSjWEdxwzec7SYbEPNPck0Kff2tUGM2Q==
  dependencies:
    camelcase "^5.0.0"

react-is@^16.12.0, react-is@^16.8.1:
  version "16.13.1"
  resolved "https://registry.yarnpkg.com/react-is/-/react-is-16.13.1.tgz#789729a4dc36de2999dc156dd6c1d9c18cea56a4"
  integrity sha512-24e6ynE2H+OKt4kqsOvNd8kBpV65zoxbA4BVsEOB3ARVWQki/DHzaUoC5KuON/BiccDaCCTZBuOcfZs70kR8bQ==

react-remove-scroll-bar@^2.1.0:
  version "2.1.0"
  resolved "https://registry.yarnpkg.com/react-remove-scroll-bar/-/react-remove-scroll-bar-2.1.0.tgz#edafe9b42a42c0dad9bdd10712772a1f9a39d7b9"
  integrity sha512-5X5Y5YIPjIPrAoMJxf6Pfa7RLNGCgwZ95TdnVPgPuMftRfO8DaC7F4KP1b5eiO8hHbe7u+wZNDbYN5WUTpv7+g==
  dependencies:
    react-style-singleton "^2.1.0"
    tslib "^1.0.0"

react-remove-scroll@^2.3.0:
  version "2.4.0"
  resolved "https://registry.yarnpkg.com/react-remove-scroll/-/react-remove-scroll-2.4.0.tgz#190c16eb508c5927595935499e8f5dd9ab0e75cf"
  integrity sha512-BZIO3GaEs0Or1OhA5C//n1ibUP1HdjJmqUVUsOCMxwoIpaCocbB9TFKwHOkBa/nyYy3slirqXeiPYGwdSDiseA==
  dependencies:
    react-remove-scroll-bar "^2.1.0"
    react-style-singleton "^2.1.0"
    tslib "^1.0.0"
    use-callback-ref "^1.2.3"
    use-sidecar "^1.0.1"

react-style-singleton@^2.1.0:
  version "2.1.0"
  resolved "https://registry.yarnpkg.com/react-style-singleton/-/react-style-singleton-2.1.0.tgz#7396885332e9729957f9df51f08cadbfc164e1c4"
  integrity sha512-DH4ED+YABC1dhvSDYGGreAHmfuTXj6+ezT3CmHoqIEfxNgEYfIMoOtmbRp42JsUst3IPqBTDL+8r4TF7EWhIHw==
  dependencies:
    get-nonce "^1.0.0"
    invariant "^2.2.4"
    tslib "^1.0.0"

react@^16.14.0:
  version "16.14.0"
  resolved "https://registry.yarnpkg.com/react/-/react-16.14.0.tgz#94d776ddd0aaa37da3eda8fc5b6b18a4c9a3114d"
  integrity sha512-0X2CImDkJGApiAlcf0ODKIneSwBPhqJawOa5wCtKbu7ZECrmS26NvtSILynQ66cgkT/RJ4LidJOc3bUESwmU8g==
  dependencies:
    loose-envify "^1.1.0"
    object-assign "^4.1.1"
    prop-types "^15.6.2"

regenerator-runtime@^0.13.4:
  version "0.13.7"
  resolved "https://registry.yarnpkg.com/regenerator-runtime/-/regenerator-runtime-0.13.7.tgz#cac2dacc8a1ea675feaabaeb8ae833898ae46f55"
  integrity sha512-a54FxoJDIr27pgf7IgeQGxmqUNYrcV338lf/6gH456HZ/PhX+5BcwHXG9ajESmwe6WRO0tAzRUrRmNONWgkrew==

resolve@^1.19.0:
  version "1.20.0"
  resolved "https://registry.yarnpkg.com/resolve/-/resolve-1.20.0.tgz#629a013fb3f70755d6f0b7935cc1c2c5378b1975"
  integrity sha512-wENBPt4ySzg4ybFQW2TT1zMQucPK95HSh/nq2CFTZVOGut2+pQvSsgtda4d26YrYcr067wjbmzOG8byDPBX63A==
  dependencies:
    is-core-module "^2.2.0"
    path-parse "^1.0.6"

rollup@^2.38.5:
  version "2.39.0"
  resolved "https://registry.yarnpkg.com/rollup/-/rollup-2.39.0.tgz#be4f98c9e421793a8fec82c854fb567c35e22ab6"
  integrity sha512-+WR3bttcq7zE+BntH09UxaW3bQo3vItuYeLsyk4dL2tuwbeSKJuvwiawyhEnvRdRgrII0Uzk00FpctHO/zB1kw==
  optionalDependencies:
    fsevents "~2.3.1"

scheduler@^0.19.1:
  version "0.19.1"
  resolved "https://registry.yarnpkg.com/scheduler/-/scheduler-0.19.1.tgz#4f3e2ed2c1a7d65681f4c854fa8c5a1ccb40f196"
  integrity sha512-n/zwRWRYSUj0/3g/otKDRPMh6qv2SYMWNq85IEa8iZyAv8od9zDYpGSnpBEjNgcMNq6Scbu5KfIPxNF72R/2EA==
  dependencies:
    loose-envify "^1.1.0"
    object-assign "^4.1.1"

source-map@^0.6.1:
  version "0.6.1"
  resolved "https://registry.yarnpkg.com/source-map/-/source-map-0.6.1.tgz#74722af32e9614e9c287a8d0bbde48b5e2f1a263"
  integrity sha512-UjgapumWlbMhkBgzT7Ykc5YXUT46F0iKu8SGXq0bcwP5dz/h0Plj6enJqjz1Zbq2l5WaqYnrVbwWOWMyF3F47g==

supports-color@^7.1.0:
  version "7.2.0"
  resolved "https://registry.yarnpkg.com/supports-color/-/supports-color-7.2.0.tgz#1b7dcdcb32b8138801b3e478ba6a51caa89648da"
  integrity sha512-qpCAvRl9stuOHveKsn7HncJRvv501qIacKzQlO/+Lwxc9+0q2wLyv4Dfvt80/DPn2pqOBsJdDiogXGR9+OvwRw==
  dependencies:
    has-flag "^4.0.0"

tabbable@^4.0.0:
  version "4.0.0"
  resolved "https://registry.yarnpkg.com/tabbable/-/tabbable-4.0.0.tgz#5bff1d1135df1482cf0f0206434f15eadbeb9261"
  integrity sha512-H1XoH1URcBOa/rZZWxLxHCtOdVUEev+9vo5YdYhC9tCY4wnybX+VQrCYuy9ubkg69fCBxCONJOSLGfw0DWMffQ==

tslib@^1.0.0, tslib@^1.9.3:
  version "1.14.1"
  resolved "https://registry.yarnpkg.com/tslib/-/tslib-1.14.1.tgz#cf2d38bdc34a134bcaf1091c41f6619e2f672d00"
  integrity sha512-Xni35NKzjgMrwevysHTCArtLDpPvye8zV/0E4EyYn43P7/7qvQwPh9BGkHewbMulVntbigmcT7rdX3BNo9wRJg==

tslib@^2.0.0:
  version "2.0.3"
  resolved "https://registry.yarnpkg.com/tslib/-/tslib-2.0.3.tgz#8e0741ac45fc0c226e58a17bfc3e64b9bc6ca61c"
  integrity sha512-uZtkfKblCEQtZKBF6EBXVZeQNl82yqtDQdv+eck8u7tdPxjLu2/lp5/uPW+um2tpuxINHWy3GhiccY7QgEaVHQ==

typescript@^3.9.7:
  version "3.9.7"
  resolved "https://registry.yarnpkg.com/typescript/-/typescript-3.9.7.tgz#98d600a5ebdc38f40cb277522f12dc800e9e25fa"
  integrity sha512-BLbiRkiBzAwsjut4x/dsibSTB6yWpwT5qWmC2OfuCg3GgVQCSgMs4vEctYPhsaGtd0AeuuHMkjZ2h2WG8MSzRw==

use-callback-ref@^1.2.1, use-callback-ref@^1.2.3:
  version "1.2.4"
  resolved "https://registry.yarnpkg.com/use-callback-ref/-/use-callback-ref-1.2.4.tgz#d86d1577bfd0b955b6e04aaf5971025f406bea3c"
  integrity sha512-rXpsyvOnqdScyied4Uglsp14qzag1JIemLeTWGKbwpotWht57hbP78aNT+Q4wdFKQfQibbUX4fb6Qb4y11aVOQ==

use-sidecar@^1.0.1:
  version "1.0.3"
  resolved "https://registry.yarnpkg.com/use-sidecar/-/use-sidecar-1.0.3.tgz#17a4e567d4830c0c0ee100040e85a7fe68611e0f"
  integrity sha512-ygJwGUBeQfWgDls7uTrlEDzJUUR67L8Rm14v/KfFtYCdHhtjHZx1Krb3DIQl3/Q5dJGfXLEQ02RY8BdNBv87SQ==
  dependencies:
    detect-node-es "^1.0.0"
    tslib "^1.9.3"

vite@^2.0.0-beta.69:
  version "2.0.0-beta.69"
  resolved "https://registry.yarnpkg.com/vite/-/vite-2.0.0-beta.69.tgz#dd10b4c366d64e670a0da612097fe9645c40212b"
  integrity sha512-Wf4bWOK/b6Q+06Wyk7uJIBy/LiENGx26do6tn9gOMRRZLEuLizN/cDzGqnQkGVVevbb18xdilyxhnTes0lFjZg==
  dependencies:
    esbuild "^0.8.34"
    postcss "^8.2.1"
    resolve "^1.19.0"
    rollup "^2.38.5"
  optionalDependencies:
    fsevents "~2.3.1"

warning@^4.0.3:
  version "4.0.3"
  resolved "https://registry.yarnpkg.com/warning/-/warning-4.0.3.tgz#16e9e077eb8a86d6af7d64aa1e05fd85b4678ca3"
  integrity sha512-rpJyN222KWIvHJ/F53XSZv0Zl/accqHR8et1kpaMTD/fLCRxtV8iX8czMzY7sVZupTI3zcUTg8eycS2kNF9l6w==
  dependencies:
    loose-envify "^1.0.0"
